
Microsoft Visual Studio Solution File, Format Version 12.00
# Visual Studio 15
Project("{FAE04EC0-301F-11D3-BF4B-00C04F79EFBC}") = "FactoryPatternVehicles", "FactoryPatternVehicles\FactoryPatternVehicles.csproj", "{B0E5B469-4921-4489-B3CB-72091836D456}"
EndProject
Global
	GlobalSection(SolutionConfigurationPlatforms) = preSolution
		Debug|Any CPU = Debug|Any CPU
		Release|Any CPU = Release|Any CPU
	EndGlobalSection
	GlobalSection(ProjectConfigurationPlatforms) = postSolution
		{B0E5B469-4921-4489-B3CB-72091836D456}.Debug|Any CPU.ActiveCfg = Debug|Any CPU
		{B0E5B469-4921-4489-B3CB-72091836D456}.Debug|Any CPU.Build.0 = Debug|Any CPU
		{B0E5B469-4921-4489-B3CB-72091836D456}.Release|Any CPU.ActiveCfg = Release|Any CPU
		{B0E5B469-4921-4489-B3CB-72091836D456}.Release|Any CPU.Build.0 = Release|Any CPU
	EndGlobalSection
EndGlobal
